
Microsoft Visual Studio Solution File, Format Version 12.00
# Visual Studio Version 17
VisualStudioVersion = 17.10.34916.146
MinimumVisualStudioVersion = 10.0.40219.1
Project("{FAE04EC0-301F-11D3-BF4B-00C04F79EFBC}") = "MobiusFF.Crypt", "MobiusFF.Crypt\MobiusFF.Crypt.csproj", "{A202BE52-5305-47D8-B7D8-BAA481B63C6F}"
EndProject
Global
	GlobalSection(SolutionConfigurationPlatforms) = preSolution
		Debug|Any CPU = Debug|Any CPU
		Release|Any CPU = Release|Any CPU
	EndGlobalSection
	GlobalSection(ProjectConfigurationPlatforms) = postSolution
		{A202BE52-5305-47D8-B7D8-BAA481B63C6F}.Debug|Any CPU.ActiveCfg = Debug|Any CPU
		{A202BE52-5305-47D8-B7D8-BAA481B63C6F}.Debug|Any CPU.Build.0 = Debug|Any CPU
		{A202BE52-5305-47D8-B7D8-BAA481B63C6F}.Release|Any CPU.ActiveCfg = Release|Any CPU
		{A202BE52-5305-47D8-B7D8-BAA481B63C6F}.Release|Any CPU.Build.0 = Release|Any CPU
	EndGlobalSection
	GlobalSection(SolutionProperties) = preSolution
		HideSolutionNode = FALSE
	EndGlobalSection
	GlobalSection(ExtensibilityGlobals) = postSolution
		SolutionGuid = {D81D4BF4-EBBC-4B42-93B4-800DC6A796A7}
	EndGlobalSection
EndGlobal
